// !$*UTF8*$!
{
	archiveVersion = 1;
	classes = {
	};
	objectVersion = 46;
	objects = {

/* Begin PBXBuildFile section */
		CB0ECCAD1FA239EB00DC6E94 /* AppDelegate.swift in Sources */ = {isa = PBXBuildFile; fileRef = CB0ECCAC1FA239EB00DC6E94 /* AppDelegate.swift */; };
		CB0ECCB81FA239EB00DC6E94 /* Assets.xcassets in Resources */ = {isa = PBXBuildFile; fileRef = CB0ECCB71FA239EB00DC6E94 /* Assets.xcassets */; };
		CB0ECCBB1FA239EB00DC6E94 /* LaunchScreen.storyboard in Resources */ = {isa = PBXBuildFile; fileRef = CB0ECCB91FA239EB00DC6E94 /* LaunchScreen.storyboard */; };
		CB0ECCCA1FA23EC300DC6E94 /* StepOne.swift in Sources */ = {isa = PBXBuildFile; fileRef = CB0ECCC91FA23EC300DC6E94 /* StepOne.swift */; };
		CB0ECCCD1FA2625300DC6E94 /* HelperLibrary.swift in Sources */ = {isa = PBXBuildFile; fileRef = CB0ECCCC1FA2625300DC6E94 /* HelperLibrary.swift */; };
		CB0F05741FE9907500690F33 /* left-arrow.png in Resources */ = {isa = PBXBuildFile; fileRef = CB0F05731FE9907500690F33 /* left-arrow.png */; };
		CB0F05761FE994D000690F33 /* leftarroworange.png in Resources */ = {isa = PBXBuildFile; fileRef = CB0F05751FE994D000690F33 /* leftarroworange.png */; };
		CB0F7BF01FAA4A35001EBFE1 /* Main.storyboard in Resources */ = {isa = PBXBuildFile; fileRef = CB0F7BEF1FAA4A35001EBFE1 /* Main.storyboard */; };
		CB1710961FEBF21600B79184 /* searchBarWhite.png in Resources */ = {isa = PBXBuildFile; fileRef = CB1710951FEBF21600B79184 /* searchBarWhite.png */; };
		CB2E760C1FA8EFA9001845A4 /* settings.png in Resources */ = {isa = PBXBuildFile; fileRef = CB2E760B1FA8EFA9001845A4 /* settings.png */; };
		CB3FF3811FA26D3400608F5D /* LibraryAPI.swift in Sources */ = {isa = PBXBuildFile; fileRef = CB3FF3801FA26D3400608F5D /* LibraryAPI.swift */; };
		CB3FF3831FA26D6700608F5D /* CityStatus.swift in Sources */ = {isa = PBXBuildFile; fileRef = CB3FF3821FA26D6700608F5D /* CityStatus.swift */; };
		CB4A123A1FBA1269004CA195 /* CityDetailPageVC.swift in Sources */ = {isa = PBXBuildFile; fileRef = CB4A12391FBA1269004CA195 /* CityDetailPageVC.swift */; };
		CB64837B1FC85F5800141D1E /* closeRed24.png in Resources */ = {isa = PBXBuildFile; fileRef = CB6483791FC85F5800141D1E /* closeRed24.png */; };
		CB64837C1FC85F5800141D1E /* openGreen24.png in Resources */ = {isa = PBXBuildFile; fileRef = CB64837A1FC85F5800141D1E /* openGreen24.png */; };
		CB6FD3742000202A00E30FEC /* seattle_splash1.png in Resources */ = {isa = PBXBuildFile; fileRef = CB6FD3732000202900E30FEC /* seattle_splash1.png */; };
		CB83106E1FA3854400E6A4C6 /* scotty.jpg in Resources */ = {isa = PBXBuildFile; fileRef = CB83106D1FA3854400E6A4C6 /* scotty.jpg */; };
		CB8310701FA3C2E400E6A4C6 /* README in Resources */ = {isa = PBXBuildFile; fileRef = CB83106F1FA3C2E400E6A4C6 /* README */; };
		CB91F4481FE46ABE00063BD1 /* SWRevealViewController.m in Sources */ = {isa = PBXBuildFile; fileRef = CB91F4471FE46ABE00063BD1 /* SWRevealViewController.m */; };
		CB99E03F1FB0E1CE00C4F3E9 /* ClosureViewController.swift in Sources */ = {isa = PBXBuildFile; fileRef = CB99E03E1FB0E1CE00C4F3E9 /* ClosureViewController.swift */; };
		CBC6814E1FFC214200B8EBA3 /* Alamofire.framework in Frameworks */ = {isa = PBXBuildFile; fileRef = CBC681501FFC214200B8EBA3 /* Alamofire.framework */; };
		CBC6814F1FFC214200B8EBA3 /* MBProgressHUD.framework in Frameworks */ = {isa = PBXBuildFile; fileRef = CBC681511FFC214200B8EBA3 /* MBProgressHUD.framework */; };
		CBD114011FF4313E00828E7E /* closeRed17.png in Resources */ = {isa = PBXBuildFile; fileRef = CBD114001FF4313E00828E7E /* closeRed17.png */; };
		CBE036361FAA0E7F001E496C /* menu.png in Resources */ = {isa = PBXBuildFile; fileRef = CBE036331FAA0E7F001E496C /* menu.png */; };
		CBE036371FAA0E7F001E496C /* menu@2x.png in Resources */ = {isa = PBXBuildFile; fileRef = CBE036341FAA0E7F001E496C /* menu@2x.png */; };
		CBE036381FAA0E7F001E496C /* menu@3x.png in Resources */ = {isa = PBXBuildFile; fileRef = CBE036351FAA0E7F001E496C /* menu@3x.png */; };
		CBE3B4481FE9AF3B00AF6672 /* CoreLocation.framework in Frameworks */ = {isa = PBXBuildFile; fileRef = CBE3B4471FE9AF3B00AF6672 /* CoreLocation.framework */; };
		F239065A044646CE03CBF4CF /* Pods_Closure.framework in Frameworks */ = {isa = PBXBuildFile; fileRef = AC2B31EEC2CC7D8890537F50 /* Pods_Closure.framework */; };
/* End PBXBuildFile section */

/* Begin PBXFileReference section */
		4B6474A827EB1B75CB05CC10 /* Pods-Closure.release.xcconfig */ = {isa = PBXFileReference; includeInIndex = 1; lastKnownFileType = text.xcconfig; name = "Pods-Closure.release.xcconfig"; path = "Pods/Target Support Files/Pods-Closure/Pods-Closure.release.xcconfig"; sourceTree = "<group>"; };
		AC2B31EEC2CC7D8890537F50 /* Pods_Closure.framework */ = {isa = PBXFileReference; explicitFileType = wrapper.framework; includeInIndex = 0; path = Pods_Closure.framework; sourceTree = BUILT_PRODUCTS_DIR; };
		B0ADCCF90455C71572340771 /* Pods-Closure.debug.xcconfig */ = {isa = PBXFileReference; includeInIndex = 1; lastKnownFileType = text.xcconfig; name = "Pods-Closure.debug.xcconfig"; path = "Pods/Target Support Files/Pods-Closure/Pods-Closure.debug.xcconfig"; sourceTree = "<group>"; };
		CB0ECCA91FA239EB00DC6E94 /* Closure.app */ = {isa = PBXFileReference; explicitFileType = wrapper.application; includeInIndex = 0; path = Closure.app; sourceTree = BUILT_PRODUCTS_DIR; };
		CB0ECCAC1FA239EB00DC6E94 /* AppDelegate.swift */ = {isa = PBXFileReference; lastKnownFileType = sourcecode.swift; path = AppDelegate.swift; sourceTree = "<group>"; };
		CB0ECCB71FA239EB00DC6E94 /* Assets.xcassets */ = {isa = PBXFileReference; lastKnownFileType = folder.assetcatalog; path = Assets.xcassets; sourceTree = "<group>"; };
		CB0ECCBA1FA239EB00DC6E94 /* Base */ = {isa = PBXFileReference; lastKnownFileType = file.storyboard; name = Base; path = Base.lproj/LaunchScreen.storyboard; sourceTree = "<group>"; };
		CB0ECCBC1FA239EB00DC6E94 /* Info.plist */ = {isa = PBXFileReference; lastKnownFileType = text.plist.xml; path = Info.plist; sourceTree = "<group>"; };
		CB0ECCC91FA23EC300DC6E94 /* StepOne.swift */ = {isa = PBXFileReference; fileEncoding = 4; lastKnownFileType = sourcecode.swift; path = StepOne.swift; sourceTree = "<group>"; };
		CB0ECCCC1FA2625300DC6E94 /* HelperLibrary.swift */ = {isa = PBXFileReference; fileEncoding = 4; lastKnownFileType = sourcecode.swift; path = HelperLibrary.swift; sourceTree = "<group>"; };
		CB0F05731FE9907500690F33 /* left-arrow.png */ = {isa = PBXFileReference; lastKnownFileType = image.png; path = "left-arrow.png"; sourceTree = "<group>"; };
		CB0F05751FE994D000690F33 /* leftarroworange.png */ = {isa = PBXFileReference; lastKnownFileType = image.png; name = leftarroworange.png; path = ClosureImages/leftarroworange.png; sourceTree = "<group>"; };
		CB0F7BEF1FAA4A35001EBFE1 /* Main.storyboard */ = {isa = PBXFileReference; fileEncoding = 4; lastKnownFileType = file.storyboard; path = Main.storyboard; sourceTree = "<group>"; };
		CB1710951FEBF21600B79184 /* searchBarWhite.png */ = {isa = PBXFileReference; lastKnownFileType = image.png; name = searchBarWhite.png; path = ClosureImages/searchBarWhite.png; sourceTree = "<group>"; };
		CB2E760B1FA8EFA9001845A4 /* settings.png */ = {isa = PBXFileReference; lastKnownFileType = image.png; name = settings.png; path = ClosureImages/settings.png; sourceTree = "<group>"; };
		CB3FF3801FA26D3400608F5D /* LibraryAPI.swift */ = {isa = PBXFileReference; fileEncoding = 4; lastKnownFileType = sourcecode.swift; path = LibraryAPI.swift; sourceTree = "<group>"; };
		CB3FF3821FA26D6700608F5D /* CityStatus.swift */ = {isa = PBXFileReference; fileEncoding = 4; lastKnownFileType = sourcecode.swift; path = CityStatus.swift; sourceTree = "<group>"; };
		CB4A12391FBA1269004CA195 /* CityDetailPageVC.swift */ = {isa = PBXFileReference; fileEncoding = 4; lastKnownFileType = sourcecode.swift; path = CityDetailPageVC.swift; sourceTree = "<group>"; };
		CB6483791FC85F5800141D1E /* closeRed24.png */ = {isa = PBXFileReference; lastKnownFileType = image.png; name = closeRed24.png; path = ClosureImages/closeRed24.png; sourceTree = "<group>"; };
		CB64837A1FC85F5800141D1E /* openGreen24.png */ = {isa = PBXFileReference; lastKnownFileType = image.png; name = openGreen24.png; path = ClosureImages/openGreen24.png; sourceTree = "<group>"; };
		CB6FD3732000202900E30FEC /* seattle_splash1.png */ = {isa = PBXFileReference; lastKnownFileType = image.png; name = seattle_splash1.png; path = ClosureImages/seattle_splash1.png; sourceTree = "<group>"; };
		CB83106D1FA3854400E6A4C6 /* scotty.jpg */ = {isa = PBXFileReference; lastKnownFileType = image.jpeg; name = scotty.jpg; path = ClosureImages/scotty.jpg; sourceTree = "<group>"; };
		CB83106F1FA3C2E400E6A4C6 /* README */ = {isa = PBXFileReference; fileEncoding = 4; lastKnownFileType = text; path = README; sourceTree = "<group>"; };
		CB91F4461FE46ABE00063BD1 /* SWRevealViewController.h */ = {isa = PBXFileReference; fileEncoding = 4; lastKnownFileType = sourcecode.c.h; name = SWRevealViewController.h; path = Closure/SWRevealViewController.h; sourceTree = "<group>"; };
		CB91F4471FE46ABE00063BD1 /* SWRevealViewController.m */ = {isa = PBXFileReference; fileEncoding = 4; lastKnownFileType = sourcecode.c.objc; name = SWRevealViewController.m; path = Closure/SWRevealViewController.m; sourceTree = "<group>"; };
		CB99E03E1FB0E1CE00C4F3E9 /* ClosureViewController.swift */ = {isa = PBXFileReference; fileEncoding = 4; lastKnownFileType = sourcecode.swift; path = ClosureViewController.swift; sourceTree = "<group>"; };
		CB99E0401FB0E73E00C4F3E9 /* Closure.entitlements */ = {isa = PBXFileReference; lastKnownFileType = text.plist.entitlements; path = Closure.entitlements; sourceTree = "<group>"; };
		CBC681501FFC214200B8EBA3 /* Alamofire.framework */ = {isa = PBXFileReference; explicitFileType = wrapper.framework; path = Alamofire.framework; sourceTree = BUILT_PRODUCTS_DIR; };
		CBC681511FFC214200B8EBA3 /* MBProgressHUD.framework */ = {isa = PBXFileReference; explicitFileType = wrapper.framework; path = MBProgressHUD.framework; sourceTree = BUILT_PRODUCTS_DIR; };
		CBD114001FF4313E00828E7E /* closeRed17.png */ = {isa = PBXFileReference; lastKnownFileType = image.png; name = closeRed17.png; path = ClosureImages/closeRed17.png; sourceTree = "<group>"; };
		CBE036331FAA0E7F001E496C /* menu.png */ = {isa = PBXFileReference; lastKnownFileType = image.png; path = menu.png; sourceTree = "<group>"; };
		CBE036341FAA0E7F001E496C /* menu@2x.png */ = {isa = PBXFileReference; lastKnownFileType = image.png; path = "menu@2x.png"; sourceTree = "<group>"; };
		CBE036351FAA0E7F001E496C /* menu@3x.png */ = {isa = PBXFileReference; lastKnownFileType = image.png; path = "menu@3x.png"; sourceTree = "<group>"; };
		CBE3B4471FE9AF3B00AF6672 /* CoreLocation.framework */ = {isa = PBXFileReference; lastKnownFileType = wrapper.framework; name = CoreLocation.framework; path = System/Library/Frameworks/CoreLocation.framework; sourceTree = SDKROOT; };
/* End PBXFileReference section */

/* Begin PBXFrameworksBuildPhase section */
		CB0ECCA61FA239EB00DC6E94 /* Frameworks */ = {
			isa = PBXFrameworksBuildPhase;
			buildActionMask = 2147483647;
			files = (
				CBC6814E1FFC214200B8EBA3 /* Alamofire.framework in Frameworks */,
				CBC6814F1FFC214200B8EBA3 /* MBProgressHUD.framework in Frameworks */,
				CBE3B4481FE9AF3B00AF6672 /* CoreLocation.framework in Frameworks */,
				F239065A044646CE03CBF4CF /* Pods_Closure.framework in Frameworks */,
			);
			runOnlyForDeploymentPostprocessing = 0;
		};
/* End PBXFrameworksBuildPhase section */

/* Begin PBXGroup section */
		50CD643D80D45F5A1D77E9A2 /* Frameworks */ = {
			isa = PBXGroup;
			children = (
				CBC681501FFC214200B8EBA3 /* Alamofire.framework */,
				CBC681511FFC214200B8EBA3 /* MBProgressHUD.framework */,
				CBE3B4471FE9AF3B00AF6672 /* CoreLocation.framework */,
				AC2B31EEC2CC7D8890537F50 /* Pods_Closure.framework */,
			);
			name = Frameworks;
			sourceTree = "<group>";
		};
		CB0ECCA01FA239EB00DC6E94 = {
			isa = PBXGroup;
			children = (
				CB91F4461FE46ABE00063BD1 /* SWRevealViewController.h */,
				CB91F4471FE46ABE00063BD1 /* SWRevealViewController.m */,
				CB83106F1FA3C2E400E6A4C6 /* README */,
				CB0ECCAB1FA239EB00DC6E94 /* Closure */,
				CB0ECCAA1FA239EB00DC6E94 /* Products */,
				E573968C0EAC52D5DD49EB38 /* Pods */,
				50CD643D80D45F5A1D77E9A2 /* Frameworks */,
			);
			sourceTree = "<group>";
		};
		CB0ECCAA1FA239EB00DC6E94 /* Products */ = {
			isa = PBXGroup;
			children = (
				CB0ECCA91FA239EB00DC6E94 /* Closure.app */,
			);
			name = Products;
			sourceTree = "<group>";
		};
		CB0ECCAB1FA239EB00DC6E94 /* Closure */ = {
			isa = PBXGroup;
			children = (
				CB99E0401FB0E73E00C4F3E9 /* Closure.entitlements */,
				CB83106C1FA3853500E6A4C6 /* images */,
				CB3FF37F1FA26D1000608F5D /* API */,
				CB0ECCCB1FA2622800DC6E94 /* supporting */,
				CB0ECCC41FA23D4F00DC6E94 /* models */,
				CB0ECCC51FA23D6E00DC6E94 /* views */,
				CB0ECCC61FA23D7C00DC6E94 /* controllers */,
				CB0ECCAC1FA239EB00DC6E94 /* AppDelegate.swift */,
				CB0ECCB71FA239EB00DC6E94 /* Assets.xcassets */,
				CB0ECCBC1FA239EB00DC6E94 /* Info.plist */,
			);
			path = Closure;
			sourceTree = "<group>";
		};
		CB0ECCC41FA23D4F00DC6E94 /* models */ = {
			isa = PBXGroup;
			children = (
				CB3FF3821FA26D6700608F5D /* CityStatus.swift */,
			);
			name = models;
			sourceTree = "<group>";
		};
		CB0ECCC51FA23D6E00DC6E94 /* views */ = {
			isa = PBXGroup;
			children = (
				CB0ECCB91FA239EB00DC6E94 /* LaunchScreen.storyboard */,
				CB0F7BEF1FAA4A35001EBFE1 /* Main.storyboard */,
			);
			name = views;
			sourceTree = "<group>";
		};
		CB0ECCC61FA23D7C00DC6E94 /* controllers */ = {
			isa = PBXGroup;
			children = (
				CB4A12391FBA1269004CA195 /* CityDetailPageVC.swift */,
				CB99E03E1FB0E1CE00C4F3E9 /* ClosureViewController.swift */,
				CB0ECCC91FA23EC300DC6E94 /* StepOne.swift */,
			);
			name = controllers;
			sourceTree = "<group>";
		};
		CB0ECCCB1FA2622800DC6E94 /* supporting */ = {
			isa = PBXGroup;
			children = (
				CB0ECCCC1FA2625300DC6E94 /* HelperLibrary.swift */,
			);
			name = supporting;
			sourceTree = "<group>";
		};
		CB3FF37F1FA26D1000608F5D /* API */ = {
			isa = PBXGroup;
			children = (
				CB3FF3801FA26D3400608F5D /* LibraryAPI.swift */,
			);
			name = API;
			sourceTree = "<group>";
		};
		CB83106C1FA3853500E6A4C6 /* images */ = {
			isa = PBXGroup;
			children = (
				CB6FD3732000202900E30FEC /* seattle_splash1.png */,
				CBD114001FF4313E00828E7E /* closeRed17.png */,
				CB1710951FEBF21600B79184 /* searchBarWhite.png */,
				CB0F05751FE994D000690F33 /* leftarroworange.png */,
				CB0F05731FE9907500690F33 /* left-arrow.png */,
				CB6483791FC85F5800141D1E /* closeRed24.png */,
				CB64837A1FC85F5800141D1E /* openGreen24.png */,
				CBE036331FAA0E7F001E496C /* menu.png */,
				CBE036341FAA0E7F001E496C /* menu@2x.png */,
				CBE036351FAA0E7F001E496C /* menu@3x.png */,
				CB2E760B1FA8EFA9001845A4 /* settings.png */,
				CB83106D1FA3854400E6A4C6 /* scotty.jpg */,
			);
			name = images;
			sourceTree = "<group>";
		};
		E573968C0EAC52D5DD49EB38 /* Pods */ = {
			isa = PBXGroup;
			children = (
				B0ADCCF90455C71572340771 /* Pods-Closure.debug.xcconfig */,
				4B6474A827EB1B75CB05CC10 /* Pods-Closure.release.xcconfig */,
			);
			name = Pods;
			sourceTree = "<group>";
		};
/* End PBXGroup section */

/* Begin PBXNativeTarget section */
		CB0ECCA81FA239EB00DC6E94 /* Closure */ = {
			isa = PBXNativeTarget;
			buildConfigurationList = CB0ECCBF1FA239EB00DC6E94 /* Build configuration list for PBXNativeTarget "Closure" */;
			buildPhases = (
				6BF81D0150A1001301D9E028 /* [CP] Check Pods Manifest.lock */,
				CB0ECCA51FA239EB00DC6E94 /* Sources */,
				CB0ECCA61FA239EB00DC6E94 /* Frameworks */,
				CB0ECCA71FA239EB00DC6E94 /* Resources */,
				D411BEA83CAB732C4BAEBA78 /* [CP] Embed Pods Frameworks */,
				3E9772446B4978838720B42C /* [CP] Copy Pods Resources */,
			);
			buildRules = (
			);
			dependencies = (
			);
			name = Closure;
			productName = Closure;
			productReference = CB0ECCA91FA239EB00DC6E94 /* Closure.app */;
			productType = "com.apple.product-type.application";
		};
/* End PBXNativeTarget section */

/* Begin PBXProject section */
		CB0ECCA11FA239EB00DC6E94 /* Project object */ = {
			isa = PBXProject;
			attributes = {
				LastSwiftUpdateCheck = 0830;
				LastUpgradeCheck = 0830;
				ORGANIZATIONNAME = oasam;
				TargetAttributes = {
					CB0ECCA81FA239EB00DC6E94 = {
						CreatedOnToolsVersion = 8.3.3;
						DevelopmentTeam = 2A98R2A7E3;
						LastSwiftMigration = 0830;
						ProvisioningStyle = Automatic;
						SystemCapabilities = {
							com.apple.Push = {
								enabled = 1;
							};
						};
					};
				};
			};
			buildConfigurationList = CB0ECCA41FA239EB00DC6E94 /* Build configuration list for PBXProject "Closure" */;
			compatibilityVersion = "Xcode 3.2";
			developmentRegion = English;
			hasScannedForEncodings = 0;
			knownRegions = (
				en,
				Base,
			);
			mainGroup = CB0ECCA01FA239EB00DC6E94;
			productRefGroup = CB0ECCAA1FA239EB00DC6E94 /* Products */;
			projectDirPath = "";
			projectRoot = "";
			targets = (
				CB0ECCA81FA239EB00DC6E94 /* Closure */,
			);
		};
/* End PBXProject section */

/* Begin PBXResourcesBuildPhase section */
		CB0ECCA71FA239EB00DC6E94 /* Resources */ = {
			isa = PBXResourcesBuildPhase;
			buildActionMask = 2147483647;
			files = (
				CB64837B1FC85F5800141D1E /* closeRed24.png in Resources */,
				CB8310701FA3C2E400E6A4C6 /* README in Resources */,
				CBE036371FAA0E7F001E496C /* menu@2x.png in Resources */,
				CB6FD3742000202A00E30FEC /* seattle_splash1.png in Resources */,
				CB1710961FEBF21600B79184 /* searchBarWhite.png in Resources */,
				CB64837C1FC85F5800141D1E /* openGreen24.png in Resources */,
				CBD114011FF4313E00828E7E /* closeRed17.png in Resources */,
				CB0ECCBB1FA239EB00DC6E94 /* LaunchScreen.storyboard in Resources */,
				CB0ECCB81FA239EB00DC6E94 /* Assets.xcassets in Resources */,
				CB0F7BF01FAA4A35001EBFE1 /* Main.storyboard in Resources */,
				CB0F05761FE994D000690F33 /* leftarroworange.png in Resources */,
				CBE036381FAA0E7F001E496C /* menu@3x.png in Resources */,
				CB0F05741FE9907500690F33 /* left-arrow.png in Resources */,
				CB2E760C1FA8EFA9001845A4 /* settings.png in Resources */,
				CBE036361FAA0E7F001E496C /* menu.png in Resources */,
				CB83106E1FA3854400E6A4C6 /* scotty.jpg in Resources */,
			);
			runOnlyForDeploymentPostprocessing = 0;
		};
/* End PBXResourcesBuildPhase section */

/* Begin PBXShellScriptBuildPhase section */
		3E9772446B4978838720B42C /* [CP] Copy Pods Resources */ = {
			isa = PBXShellScriptBuildPhase;
			buildActionMask = 2147483647;
			files = (
			);
			inputPaths = (
				"${SRCROOT}/Pods/Target Support Files/Pods-Closure/Pods-Closure-resources.sh",
				"${PODS_ROOT}/GoogleMaps/Maps/Frameworks/GoogleMaps.framework/Resources/GoogleMaps.bundle",
				"${PODS_ROOT}/GooglePlaces/Frameworks/GooglePlaces.framework/Resources/GooglePlaces.bundle",
			);
			name = "[CP] Copy Pods Resources";
			outputPaths = (
				"${TARGET_BUILD_DIR}/${UNLOCALIZED_RESOURCES_FOLDER_PATH}",
			);
			runOnlyForDeploymentPostprocessing = 0;
			shellPath = /bin/sh;
			shellScript = "\"${SRCROOT}/Pods/Target Support Files/Pods-Closure/Pods-Closure-resources.sh\"\n";
			showEnvVarsInLog = 0;
		};
		6BF81D0150A1001301D9E028 /* [CP] Check Pods Manifest.lock */ = {
			isa = PBXShellScriptBuildPhase;
			buildActionMask = 2147483647;
			files = (
			);
			inputPaths = (
				"${PODS_PODFILE_DIR_PATH}/Podfile.lock",
				"${PODS_ROOT}/Manifest.lock",
			);
			name = "[CP] Check Pods Manifest.lock";
			outputPaths = (
				"$(DERIVED_FILE_DIR)/Pods-Closure-checkManifestLockResult.txt",
			);
			runOnlyForDeploymentPostprocessing = 0;
			shellPath = /bin/sh;
			shellScript = "diff \"${PODS_PODFILE_DIR_PATH}/Podfile.lock\" \"${PODS_ROOT}/Manifest.lock\" > /dev/null\nif [ $? != 0 ] ; then\n    # print error to STDERR\n    echo \"error: The sandbox is not in sync with the Podfile.lock. Run 'pod install' or update your CocoaPods installation.\" >&2\n    exit 1\nfi\n# This output is used by Xcode 'outputs' to avoid re-running this script phase.\necho \"SUCCESS\" > \"${SCRIPT_OUTPUT_FILE_0}\"\n";
			showEnvVarsInLog = 0;
		};
		D411BEA83CAB732C4BAEBA78 /* [CP] Embed Pods Frameworks */ = {
			isa = PBXShellScriptBuildPhase;
			buildActionMask = 2147483647;
			files = (
			);
			inputPaths = (
				"${SRCROOT}/Pods/Target Support Files/Pods-Closure/Pods-Closure-frameworks.sh",
				"${BUILT_PRODUCTS_DIR}/Alamofire/Alamofire.framework",
				"${BUILT_PRODUCTS_DIR}/MBProgressHUD/MBProgressHUD.framework",
			);
			name = "[CP] Embed Pods Frameworks";
			outputPaths = (
				"${TARGET_BUILD_DIR}/${FRAMEWORKS_FOLDER_PATH}/Alamofire.framework",
				"${TARGET_BUILD_DIR}/${FRAMEWORKS_FOLDER_PATH}/MBProgressHUD.framework",
			);
			runOnlyForDeploymentPostprocessing = 0;
			shellPath = /bin/sh;
			shellScript = "\"${SRCROOT}/Pods/Target Support Files/Pods-Closure/Pods-Closure-frameworks.sh\"\n";
			showEnvVarsInLog = 0;
		};
/* End PBXShellScriptBuildPhase section */

/* Begin PBXSourcesBuildPhase section */
		CB0ECCA51FA239EB00DC6E94 /* Sources */ = {
			isa = PBXSourcesBuildPhase;
			buildActionMask = 2147483647;
			files = (
				CB0ECCAD1FA239EB00DC6E94 /* AppDelegate.swift in Sources */,
				CB3FF3811FA26D3400608F5D /* LibraryAPI.swift in Sources */,
				CB99E03F1FB0E1CE00C4F3E9 /* ClosureViewController.swift in Sources */,
				CB91F4481FE46ABE00063BD1 /* SWRevealViewController.m in Sources */,
				CB0ECCCA1FA23EC300DC6E94 /* StepOne.swift in Sources */,
				CB4A123A1FBA1269004CA195 /* CityDetailPageVC.swift in Sources */,
				CB3FF3831FA26D6700608F5D /* CityStatus.swift in Sources */,
				CB0ECCCD1FA2625300DC6E94 /* HelperLibrary.swift in Sources */,
			);
			runOnlyForDeploymentPostprocessing = 0;
		};
/* End PBXSourcesBuildPhase section */

/* Begin PBXVariantGroup section */
		CB0ECCB91FA239EB00DC6E94 /* LaunchScreen.storyboard */ = {
			isa = PBXVariantGroup;
			children = (
				CB0ECCBA1FA239EB00DC6E94 /* Base */,
			);
			name = LaunchScreen.storyboard;
			sourceTree = "<group>";
		};
/* End PBXVariantGroup section */

/* Begin XCBuildConfiguration section */
		CB0ECCBD1FA239EB00DC6E94 /* Debug */ = {
			isa = XCBuildConfiguration;
			buildSettings = {
				ALWAYS_SEARCH_USER_PATHS = NO;
				CLANG_ANALYZER_NONNULL = YES;
				CLANG_ANALYZER_NUMBER_OBJECT_CONVERSION = YES_AGGRESSIVE;
				CLANG_CXX_LANGUAGE_STANDARD = "gnu++0x";
				CLANG_CXX_LIBRARY = "libc++";
				CLANG_ENABLE_MODULES = YES;
				CLANG_ENABLE_OBJC_ARC = YES;
				CLANG_WARN_BOOL_CONVERSION = YES;
				CLANG_WARN_CONSTANT_CONVERSION = YES;
				CLANG_WARN_DIRECT_OBJC_ISA_USAGE = YES_ERROR;
				CLANG_WARN_DOCUMENTATION_COMMENTS = YES;
				CLANG_WARN_EMPTY_BODY = YES;
				CLANG_WARN_ENUM_CONVERSION = YES;
				CLANG_WARN_INFINITE_RECURSION = YES;
				CLANG_WARN_INT_CONVERSION = YES;
				CLANG_WARN_OBJC_ROOT_CLASS = YES_ERROR;
				CLANG_WARN_SUSPICIOUS_MOVE = YES;
				CLANG_WARN_UNREACHABLE_CODE = YES;
				CLANG_WARN__DUPLICATE_METHOD_MATCH = YES;
				"CODE_SIGN_IDENTITY[sdk=iphoneos*]" = "iPhone Developer";
				COPY_PHASE_STRIP = NO;
				DEBUG_INFORMATION_FORMAT = dwarf;
				ENABLE_STRICT_OBJC_MSGSEND = YES;
				ENABLE_TESTABILITY = YES;
				GCC_C_LANGUAGE_STANDARD = gnu99;
				GCC_DYNAMIC_NO_PIC = NO;
				GCC_NO_COMMON_BLOCKS = YES;
				GCC_OPTIMIZATION_LEVEL = 0;
				GCC_PREPROCESSOR_DEFINITIONS = (
					"DEBUG=1",
					"$(inherited)",
				);
				GCC_WARN_64_TO_32_BIT_CONVERSION = YES;
				GCC_WARN_ABOUT_RETURN_TYPE = YES_ERROR;
				GCC_WARN_UNDECLARED_SELECTOR = YES;
				GCC_WARN_UNINITIALIZED_AUTOS = YES_AGGRESSIVE;
				GCC_WARN_UNUSED_FUNCTION = YES;
				GCC_WARN_UNUSED_VARIABLE = YES;
				IPHONEOS_DEPLOYMENT_TARGET = 10.3;
				MTL_ENABLE_DEBUG_INFO = YES;
				ONLY_ACTIVE_ARCH = YES;
				SDKROOT = iphoneos;
				SWIFT_ACTIVE_COMPILATION_CONDITIONS = DEBUG;
				SWIFT_OPTIMIZATION_LEVEL = "-Onone";
				TARGETED_DEVICE_FAMILY = "1,2";
			};
			name = Debug;
		};
		CB0ECCBE1FA239EB00DC6E94 /* Release */ = {
			isa = XCBuildConfiguration;
			buildSettings = {
				ALWAYS_SEARCH_USER_PATHS = NO;
				CLANG_ANALYZER_NONNULL = YES;
				CLANG_ANALYZER_NUMBER_OBJECT_CONVERSION = YES_AGGRESSIVE;
				CLANG_CXX_LANGUAGE_STANDARD = "gnu++0x";
				CLANG_CXX_LIBRARY = "libc++";
				CLANG_ENABLE_MODULES = YES;
				CLANG_ENABLE_OBJC_ARC = YES;
				CLANG_WARN_BOOL_CONVERSION = YES;
				CLANG_WARN_CONSTANT_CONVERSION = YES;
				CLANG_WARN_DIRECT_OBJC_ISA_USAGE = YES_ERROR;
				CLANG_WARN_DOCUMENTATION_COMMENTS = YES;
				CLANG_WARN_EMPTY_BODY = YES;
				CLANG_WARN_ENUM_CONVERSION = YES;
				CLANG_WARN_INFINITE_RECURSION = YES;
				CLANG_WARN_INT_CONVERSION = YES;
				CLANG_WARN_OBJC_ROOT_CLASS = YES_ERROR;
				CLANG_WARN_SUSPICIOUS_MOVE = YES;
				CLANG_WARN_UNREACHABLE_CODE = YES;
				CLANG_WARN__DUPLICATE_METHOD_MATCH = YES;
				"CODE_SIGN_IDENTITY[sdk=iphoneos*]" = "iPhone Developer";
				COPY_PHASE_STRIP = NO;
				DEBUG_INFORMATION_FORMAT = "dwarf-with-dsym";
				ENABLE_NS_ASSERTIONS = NO;
				ENABLE_STRICT_OBJC_MSGSEND = YES;
				GCC_C_LANGUAGE_STANDARD = gnu99;
				GCC_NO_COMMON_BLOCKS = YES;
				GCC_WARN_64_TO_32_BIT_CONVERSION = YES;
				GCC_WARN_ABOUT_RETURN_TYPE = YES_ERROR;
				GCC_WARN_UNDECLARED_SELECTOR = YES;
				GCC_WARN_UNINITIALIZED_AUTOS = YES_AGGRESSIVE;
				GCC_WARN_UNUSED_FUNCTION = YES;
				GCC_WARN_UNUSED_VARIABLE = YES;
				IPHONEOS_DEPLOYMENT_TARGET = 10.3;
				MTL_ENABLE_DEBUG_INFO = NO;
				SDKROOT = iphoneos;
				SWIFT_OPTIMIZATION_LEVEL = "-Owholemodule";
				TARGETED_DEVICE_FAMILY = "1,2";
				VALIDATE_PRODUCT = YES;
			};
			name = Release;
		};
		CB0ECCC01FA239EB00DC6E94 /* Debug */ = {
			isa = XCBuildConfiguration;
			baseConfigurationReference = B0ADCCF90455C71572340771 /* Pods-Closure.debug.xcconfig */;
			buildSettings = {
				ASSETCATALOG_COMPILER_APPICON_NAME = AppIcon;
				CLANG_ENABLE_MODULES = YES;
				CODE_SIGN_ENTITLEMENTS = Closure/Closure.entitlements;
				"CODE_SIGN_IDENTITY[sdk=iphoneos*]" = "iPhone Developer";
				CODE_SIGN_STYLE = Automatic;
				DEVELOPMENT_TEAM = 2A98R2A7E3;
				INFOPLIST_FILE = Closure/Info.plist;
				IPHONEOS_DEPLOYMENT_TARGET = 10.0;
				LD_RUNPATH_SEARCH_PATHS = "$(inherited) @executable_path/Frameworks";
				PRODUCT_BUNDLE_IDENTIFIER = com.tehillim.ClosureNotifier;
				PRODUCT_NAME = "$(TARGET_NAME)";
				PROVISIONING_PROFILE = "";
				PROVISIONING_PROFILE_SPECIFIER = "";
				SWIFT_OBJC_BRIDGING_HEADER = "Closure/Closure-Bridging-Header.h";
				SWIFT_OPTIMIZATION_LEVEL = "-Onone";
				SWIFT_VERSION = 3.0;
			};
			name = Debug;
		};
		CB0ECCC11FA239EB00DC6E94 /* Release */ = {
			isa = XCBuildConfiguration;
			baseConfigurationReference = 4B6474A827EB1B75CB05CC10 /* Pods-Closure.release.xcconfig */;
			buildSettings = {
				ASSETCATALOG_COMPILER_APPICON_NAME = AppIcon;
				CLANG_ENABLE_MODULES = YES;
				CODE_SIGN_ENTITLEMENTS = Closure/Closure.entitlements;
				"CODE_SIGN_IDENTITY[sdk=iphoneos*]" = "iPhone Developer";
				CODE_SIGN_STYLE = Automatic;
				DEVELOPMENT_TEAM = 2A98R2A7E3;
				INFOPLIST_FILE = Closure/Info.plist;
				IPHONEOS_DEPLOYMENT_TARGET = 10.0;
				LD_RUNPATH_SEARCH_PATHS = "$(inherited) @executable_path/Frameworks";
				PRODUCT_BUNDLE_IDENTIFIER = com.tehillim.ClosureNotifier;
				PRODUCT_NAME = "$(TARGET_NAME)";
				PROVISIONING_PROFILE = "";
				PROVISIONING_PROFILE_SPECIFIER = "";
				SWIFT_OBJC_BRIDGING_HEADER = "Closure/Closure-Bridging-Header.h";
				SWIFT_VERSION = 3.0;
			};
			name = Release;
		};
/* End XCBuildConfiguration section */

/* Begin XCConfigurationList section */
		CB0ECCA41FA239EB00DC6E94 /* Build configuration list for PBXProject "Closure" */ = {
			isa = XCConfigurationList;
			buildConfigurations = (
				CB0ECCBD1FA239EB00DC6E94 /* Debug */,
				CB0ECCBE1FA239EB00DC6E94 /* Release */,
			);
			defaultConfigurationIsVisible = 0;
			defaultConfigurationName = Release;
		};
		CB0ECCBF1FA239EB00DC6E94 /* Build configuration list for PBXNativeTarget "Closure" */ = {
			isa = XCConfigurationList;
			buildConfigurations = (
				CB0ECCC01FA239EB00DC6E94 /* Debug */,
				CB0ECCC11FA239EB00DC6E94 /* Release */,
			);
			defaultConfigurationIsVisible = 0;
			defaultConfigurationName = Release;
		};
/* End XCConfigurationList section */
	};
	rootObject = CB0ECCA11FA239EB00DC6E94 /* Project object */;
}
